// !$*UTF8*$!
{
	archiveVersion = 1;
	classes = {
	};
	objectVersion = 48;
	objects = {

/* Begin PBXBuildFile section */
		1006E0922041E9EC00E75065 /* Patient.swift in Sources */ = {isa = PBXBuildFile; fileRef = 1006E0912041E9EC00E75065 /* Patient.swift */; };
		103A5D7A202E0CC70075D96C /* MainProfileVC.swift in Sources */ = {isa = PBXBuildFile; fileRef = 103A5D79202E0CC70075D96C /* MainProfileVC.swift */; };
		1064150B2025DA0100406C36 /* AppDelegate.swift in Sources */ = {isa = PBXBuildFile; fileRef = 1064150A2025DA0100406C36 /* AppDelegate.swift */; };
		1064150D2025DA0100406C36 /* ViewController.swift in Sources */ = {isa = PBXBuildFile; fileRef = 1064150C2025DA0100406C36 /* ViewController.swift */; };
		106415102025DA0100406C36 /* Main.storyboard in Resources */ = {isa = PBXBuildFile; fileRef = 1064150E2025DA0100406C36 /* Main.storyboard */; };
		106415122025DA0100406C36 /* Assets.xcassets in Resources */ = {isa = PBXBuildFile; fileRef = 106415112025DA0100406C36 /* Assets.xcassets */; };
		106415152025DA0100406C36 /* LaunchScreen.storyboard in Resources */ = {isa = PBXBuildFile; fileRef = 106415132025DA0100406C36 /* LaunchScreen.storyboard */; };
		106415202025DA0100406C36 /* medical_diary_iosTests.swift in Sources */ = {isa = PBXBuildFile; fileRef = 1064151F2025DA0100406C36 /* medical_diary_iosTests.swift */; };
		1064152B2025DA0100406C36 /* medical_diary_iosUITests.swift in Sources */ = {isa = PBXBuildFile; fileRef = 1064152A2025DA0100406C36 /* medical_diary_iosUITests.swift */; };
		10BA363E20434D1D00BC5BE6 /* Swift+Localization.swift in Sources */ = {isa = PBXBuildFile; fileRef = 10BA363D20434D1D00BC5BE6 /* Swift+Localization.swift */; };
		10BA36412043502C00BC5BE6 /* Localizable.strings in Resources */ = {isa = PBXBuildFile; fileRef = 10BA36402043502C00BC5BE6 /* Localizable.strings */; };
		973FB705385C58906729AB0C /* Pods_medical_diary_ios.framework in Frameworks */ = {isa = PBXBuildFile; fileRef = B55AF34D458E1AA3CBF6785B /* Pods_medical_diary_ios.framework */; };
		A316AC1F3B2764BB73B0D4DA /* Pods_medical_diary_iosUITests.framework in Frameworks */ = {isa = PBXBuildFile; fileRef = 498C978C4D078817232FDD45 /* Pods_medical_diary_iosUITests.framework */; };
		D059215C5D718D93A8DD6C6D /* Pods_medical_diary_iosTests.framework in Frameworks */ = {isa = PBXBuildFile; fileRef = DCE1E2F4FCB025D148849E08 /* Pods_medical_diary_iosTests.framework */; };
/* End PBXBuildFile section */

/* Begin PBXContainerItemProxy section */
		1064151C2025DA0100406C36 /* PBXContainerItemProxy */ = {
			isa = PBXContainerItemProxy;
			containerPortal = 106414FF2025DA0100406C36 /* Project object */;
			proxyType = 1;
			remoteGlobalIDString = 106415062025DA0100406C36;
			remoteInfo = "medical-diary-ios";
		};
		106415272025DA0100406C36 /* PBXContainerItemProxy */ = {
			isa = PBXContainerItemProxy;
			containerPortal = 106414FF2025DA0100406C36 /* Project object */;
			proxyType = 1;
			remoteGlobalIDString = 106415062025DA0100406C36;
			remoteInfo = "medical-diary-ios";
		};
/* End PBXContainerItemProxy section */

/* Begin PBXFileReference section */
		1006E0912041E9EC00E75065 /* Patient.swift */ = {isa = PBXFileReference; lastKnownFileType = sourcecode.swift; path = Patient.swift; sourceTree = "<group>"; };
		103A5D79202E0CC70075D96C /* MainProfileVC.swift */ = {isa = PBXFileReference; lastKnownFileType = sourcecode.swift; path = MainProfileVC.swift; sourceTree = "<group>"; };
		106415072025DA0100406C36 /* medical-diary-ios.app */ = {isa = PBXFileReference; explicitFileType = wrapper.application; includeInIndex = 0; path = "medical-diary-ios.app"; sourceTree = BUILT_PRODUCTS_DIR; };
		1064150A2025DA0100406C36 /* AppDelegate.swift */ = {isa = PBXFileReference; lastKnownFileType = sourcecode.swift; path = AppDelegate.swift; sourceTree = "<group>"; };
		1064150C2025DA0100406C36 /* ViewController.swift */ = {isa = PBXFileReference; lastKnownFileType = sourcecode.swift; path = ViewController.swift; sourceTree = "<group>"; };
		1064150F2025DA0100406C36 /* Base */ = {isa = PBXFileReference; lastKnownFileType = file.storyboard; name = Base; path = Base.lproj/Main.storyboard; sourceTree = "<group>"; };
		106415112025DA0100406C36 /* Assets.xcassets */ = {isa = PBXFileReference; lastKnownFileType = folder.assetcatalog; path = Assets.xcassets; sourceTree = "<group>"; };
		106415142025DA0100406C36 /* Base */ = {isa = PBXFileReference; lastKnownFileType = file.storyboard; name = Base; path = Base.lproj/LaunchScreen.storyboard; sourceTree = "<group>"; };
		106415162025DA0100406C36 /* Info.plist */ = {isa = PBXFileReference; lastKnownFileType = text.plist.xml; path = Info.plist; sourceTree = "<group>"; };
		1064151B2025DA0100406C36 /* medical-diary-iosTests.xctest */ = {isa = PBXFileReference; explicitFileType = wrapper.cfbundle; includeInIndex = 0; path = "medical-diary-iosTests.xctest"; sourceTree = BUILT_PRODUCTS_DIR; };
		1064151F2025DA0100406C36 /* medical_diary_iosTests.swift */ = {isa = PBXFileReference; lastKnownFileType = sourcecode.swift; path = medical_diary_iosTests.swift; sourceTree = "<group>"; };
		106415212025DA0100406C36 /* Info.plist */ = {isa = PBXFileReference; lastKnownFileType = text.plist.xml; path = Info.plist; sourceTree = "<group>"; };
		106415262025DA0100406C36 /* medical-diary-iosUITests.xctest */ = {isa = PBXFileReference; explicitFileType = wrapper.cfbundle; includeInIndex = 0; path = "medical-diary-iosUITests.xctest"; sourceTree = BUILT_PRODUCTS_DIR; };
		1064152A2025DA0100406C36 /* medical_diary_iosUITests.swift */ = {isa = PBXFileReference; lastKnownFileType = sourcecode.swift; path = medical_diary_iosUITests.swift; sourceTree = "<group>"; };
		1064152C2025DA0100406C36 /* Info.plist */ = {isa = PBXFileReference; lastKnownFileType = text.plist.xml; path = Info.plist; sourceTree = "<group>"; };
		10BA363D20434D1D00BC5BE6 /* Swift+Localization.swift */ = {isa = PBXFileReference; lastKnownFileType = sourcecode.swift; path = "Swift+Localization.swift"; sourceTree = "<group>"; };
		10BA36402043502C00BC5BE6 /* Localizable.strings */ = {isa = PBXFileReference; lastKnownFileType = text.plist.strings; path = Localizable.strings; sourceTree = "<group>"; };
		498C978C4D078817232FDD45 /* Pods_medical_diary_iosUITests.framework */ = {isa = PBXFileReference; explicitFileType = wrapper.framework; includeInIndex = 0; path = Pods_medical_diary_iosUITests.framework; sourceTree = BUILT_PRODUCTS_DIR; };
		7024D657D30E9C4573811CCF /* Pods-medical-diary-iosUITests.release.xcconfig */ = {isa = PBXFileReference; includeInIndex = 1; lastKnownFileType = text.xcconfig; name = "Pods-medical-diary-iosUITests.release.xcconfig"; path = "Pods/Target Support Files/Pods-medical-diary-iosUITests/Pods-medical-diary-iosUITests.release.xcconfig"; sourceTree = "<group>"; };
		75FD86ABCA027258BF973D83 /* Pods-medical-diary-ios.debug.xcconfig */ = {isa = PBXFileReference; includeInIndex = 1; lastKnownFileType = text.xcconfig; name = "Pods-medical-diary-ios.debug.xcconfig"; path = "Pods/Target Support Files/Pods-medical-diary-ios/Pods-medical-diary-ios.debug.xcconfig"; sourceTree = "<group>"; };
		92665E75E445909C294B40C0 /* Pods-medical-diary-iosUITests.debug.xcconfig */ = {isa = PBXFileReference; includeInIndex = 1; lastKnownFileType = text.xcconfig; name = "Pods-medical-diary-iosUITests.debug.xcconfig"; path = "Pods/Target Support Files/Pods-medical-diary-iosUITests/Pods-medical-diary-iosUITests.debug.xcconfig"; sourceTree = "<group>"; };
		A512C4525117925C257C12F3 /* Pods-medical-diary-iosTests.debug.xcconfig */ = {isa = PBXFileReference; includeInIndex = 1; lastKnownFileType = text.xcconfig; name = "Pods-medical-diary-iosTests.debug.xcconfig"; path = "Pods/Target Support Files/Pods-medical-diary-iosTests/Pods-medical-diary-iosTests.debug.xcconfig"; sourceTree = "<group>"; };
		B55AF34D458E1AA3CBF6785B /* Pods_medical_diary_ios.framework */ = {isa = PBXFileReference; explicitFileType = wrapper.framework; includeInIndex = 0; path = Pods_medical_diary_ios.framework; sourceTree = BUILT_PRODUCTS_DIR; };
		C153F8C4653BA2680CF5FC38 /* Pods-medical-diary-iosTests.release.xcconfig */ = {isa = PBXFileReference; includeInIndex = 1; lastKnownFileType = text.xcconfig; name = "Pods-medical-diary-iosTests.release.xcconfig"; path = "Pods/Target Support Files/Pods-medical-diary-iosTests/Pods-medical-diary-iosTests.release.xcconfig"; sourceTree = "<group>"; };
		C3B3D777679DDEB684AEA262 /* Pods-medical-diary-ios.release.xcconfig */ = {isa = PBXFileReference; includeInIndex = 1; lastKnownFileType = text.xcconfig; name = "Pods-medical-diary-ios.release.xcconfig"; path = "Pods/Target Support Files/Pods-medical-diary-ios/Pods-medical-diary-ios.release.xcconfig"; sourceTree = "<group>"; };
		DCE1E2F4FCB025D148849E08 /* Pods_medical_diary_iosTests.framework */ = {isa = PBXFileReference; explicitFileType = wrapper.framework; includeInIndex = 0; path = Pods_medical_diary_iosTests.framework; sourceTree = BUILT_PRODUCTS_DIR; };
/* End PBXFileReference section */

/* Begin PBXFrameworksBuildPhase section */
		106415042025DA0100406C36 /* Frameworks */ = {
			isa = PBXFrameworksBuildPhase;
			buildActionMask = 2147483647;
			files = (
				973FB705385C58906729AB0C /* Pods_medical_diary_ios.framework in Frameworks */,
			);
			runOnlyForDeploymentPostprocessing = 0;
		};
		106415182025DA0100406C36 /* Frameworks */ = {
			isa = PBXFrameworksBuildPhase;
			buildActionMask = 2147483647;
			files = (
				D059215C5D718D93A8DD6C6D /* Pods_medical_diary_iosTests.framework in Frameworks */,
			);
			runOnlyForDeploymentPostprocessing = 0;
		};
		106415232025DA0100406C36 /* Frameworks */ = {
			isa = PBXFrameworksBuildPhase;
			buildActionMask = 2147483647;
			files = (
				A316AC1F3B2764BB73B0D4DA /* Pods_medical_diary_iosUITests.framework in Frameworks */,
			);
			runOnlyForDeploymentPostprocessing = 0;
		};
/* End PBXFrameworksBuildPhase section */

/* Begin PBXGroup section */
		103A5D75202E0C3B0075D96C /* app */ = {
			isa = PBXGroup;
			children = (
				10BA363F20434F1300BC5BE6 /* localization */,
				10BA363C20434CAE00BC5BE6 /* extensions */,
				103A5D76202E0C3B0075D96C /* models */,
				103A5D77202E0C3B0075D96C /* controllers */,
				103A5D78202E0C3B0075D96C /* views */,
			);
			path = app;
			sourceTree = "<group>";
		};
		103A5D76202E0C3B0075D96C /* models */ = {
			isa = PBXGroup;
			children = (
				1006E0912041E9EC00E75065 /* Patient.swift */,
			);
			path = models;
			sourceTree = "<group>";
		};
		103A5D77202E0C3B0075D96C /* controllers */ = {
			isa = PBXGroup;
			children = (
				103A5D79202E0CC70075D96C /* MainProfileVC.swift */,
			);
			path = controllers;
			sourceTree = "<group>";
		};
		103A5D78202E0C3B0075D96C /* views */ = {
			isa = PBXGroup;
			children = (
			);
			path = views;
			sourceTree = "<group>";
		};
		106414FE2025DA0100406C36 = {
			isa = PBXGroup;
			children = (
				106415092025DA0100406C36 /* medical-diary-ios */,
				1064151E2025DA0100406C36 /* medical-diary-iosTests */,
				106415292025DA0100406C36 /* medical-diary-iosUITests */,
				106415082025DA0100406C36 /* Products */,
				E9425A2950AE145A4499C5C9 /* Pods */,
				1BE78EEABA97391CD07F999D /* Frameworks */,
			);
			sourceTree = "<group>";
		};
		106415082025DA0100406C36 /* Products */ = {
			isa = PBXGroup;
			children = (
				106415072025DA0100406C36 /* medical-diary-ios.app */,
				1064151B2025DA0100406C36 /* medical-diary-iosTests.xctest */,
				106415262025DA0100406C36 /* medical-diary-iosUITests.xctest */,
			);
			name = Products;
			sourceTree = "<group>";
		};
		106415092025DA0100406C36 /* medical-diary-ios */ = {
			isa = PBXGroup;
			children = (
				1064150A2025DA0100406C36 /* AppDelegate.swift */,
				103A5D75202E0C3B0075D96C /* app */,
				1064150C2025DA0100406C36 /* ViewController.swift */,
				1064150E2025DA0100406C36 /* Main.storyboard */,
				106415112025DA0100406C36 /* Assets.xcassets */,
				106415132025DA0100406C36 /* LaunchScreen.storyboard */,
				106415162025DA0100406C36 /* Info.plist */,
			);
			path = "medical-diary-ios";
			sourceTree = "<group>";
		};
		1064151E2025DA0100406C36 /* medical-diary-iosTests */ = {
			isa = PBXGroup;
			children = (
				1064151F2025DA0100406C36 /* medical_diary_iosTests.swift */,
				106415212025DA0100406C36 /* Info.plist */,
			);
			path = "medical-diary-iosTests";
			sourceTree = "<group>";
		};
		106415292025DA0100406C36 /* medical-diary-iosUITests */ = {
			isa = PBXGroup;
			children = (
				1064152A2025DA0100406C36 /* medical_diary_iosUITests.swift */,
				1064152C2025DA0100406C36 /* Info.plist */,
			);
			path = "medical-diary-iosUITests";
			sourceTree = "<group>";
		};
		10BA363C20434CAE00BC5BE6 /* extensions */ = {
			isa = PBXGroup;
			children = (
				10BA363D20434D1D00BC5BE6 /* Swift+Localization.swift */,
			);
			path = extensions;
			sourceTree = "<group>";
		};
		10BA363F20434F1300BC5BE6 /* localization */ = {
			isa = PBXGroup;
			children = (
				10BA36402043502C00BC5BE6 /* Localizable.strings */,
			);
			path = localization;
			sourceTree = "<group>";
		};
		1BE78EEABA97391CD07F999D /* Frameworks */ = {
			isa = PBXGroup;
			children = (
				B55AF34D458E1AA3CBF6785B /* Pods_medical_diary_ios.framework */,
				DCE1E2F4FCB025D148849E08 /* Pods_medical_diary_iosTests.framework */,
				498C978C4D078817232FDD45 /* Pods_medical_diary_iosUITests.framework */,
			);
			name = Frameworks;
			sourceTree = "<group>";
		};
		E9425A2950AE145A4499C5C9 /* Pods */ = {
			isa = PBXGroup;
			children = (
				75FD86ABCA027258BF973D83 /* Pods-medical-diary-ios.debug.xcconfig */,
				C3B3D777679DDEB684AEA262 /* Pods-medical-diary-ios.release.xcconfig */,
				A512C4525117925C257C12F3 /* Pods-medical-diary-iosTests.debug.xcconfig */,
				C153F8C4653BA2680CF5FC38 /* Pods-medical-diary-iosTests.release.xcconfig */,
				92665E75E445909C294B40C0 /* Pods-medical-diary-iosUITests.debug.xcconfig */,
				7024D657D30E9C4573811CCF /* Pods-medical-diary-iosUITests.release.xcconfig */,
			);
			name = Pods;
			sourceTree = "<group>";
		};
/* End PBXGroup section */

/* Begin PBXNativeTarget section */
		106415062025DA0100406C36 /* medical-diary-ios */ = {
			isa = PBXNativeTarget;
			buildConfigurationList = 1064152F2025DA0100406C36 /* Build configuration list for PBXNativeTarget "medical-diary-ios" */;
			buildPhases = (
				E749F6B6502E07CFC6E12A23 /* [CP] Check Pods Manifest.lock */,
				106415032025DA0100406C36 /* Sources */,
				106415042025DA0100406C36 /* Frameworks */,
				106415052025DA0100406C36 /* Resources */,
				BEBCDDCF6822C0E80D4B11E0 /* [CP] Embed Pods Frameworks */,
				9AC943171F203EABBF1E0551 /* [CP] Copy Pods Resources */,
			);
			buildRules = (
			);
			dependencies = (
			);
			name = "medical-diary-ios";
			productName = "medical-diary-ios";
			productReference = 106415072025DA0100406C36 /* medical-diary-ios.app */;
			productType = "com.apple.product-type.application";
		};
		1064151A2025DA0100406C36 /* medical-diary-iosTests */ = {
			isa = PBXNativeTarget;
			buildConfigurationList = 106415322025DA0100406C36 /* Build configuration list for PBXNativeTarget "medical-diary-iosTests" */;
			buildPhases = (
				EEA6D22312E0C5C4874356B4 /* [CP] Check Pods Manifest.lock */,
				106415172025DA0100406C36 /* Sources */,
				106415182025DA0100406C36 /* Frameworks */,
				106415192025DA0100406C36 /* Resources */,
				636A5BD0888502FDE063B15B /* [CP] Embed Pods Frameworks */,
				6EBB1403F3BAB91B5DAFD5D0 /* [CP] Copy Pods Resources */,
			);
			buildRules = (
			);
			dependencies = (
				1064151D2025DA0100406C36 /* PBXTargetDependency */,
			);
			name = "medical-diary-iosTests";
			productName = "medical-diary-iosTests";
			productReference = 1064151B2025DA0100406C36 /* medical-diary-iosTests.xctest */;
			productType = "com.apple.product-type.bundle.unit-test";
		};
		106415252025DA0100406C36 /* medical-diary-iosUITests */ = {
			isa = PBXNativeTarget;
			buildConfigurationList = 106415352025DA0100406C36 /* Build configuration list for PBXNativeTarget "medical-diary-iosUITests" */;
			buildPhases = (
				4A2C8179C7AFF517BF0A1ACC /* [CP] Check Pods Manifest.lock */,
				106415222025DA0100406C36 /* Sources */,
				106415232025DA0100406C36 /* Frameworks */,
				106415242025DA0100406C36 /* Resources */,
				579656D1940A46690FA7F58F /* [CP] Embed Pods Frameworks */,
				C888CECF9DD3F50890237D0F /* [CP] Copy Pods Resources */,
			);
			buildRules = (
			);
			dependencies = (
				106415282025DA0100406C36 /* PBXTargetDependency */,
			);
			name = "medical-diary-iosUITests";
			productName = "medical-diary-iosUITests";
			productReference = 106415262025DA0100406C36 /* medical-diary-iosUITests.xctest */;
			productType = "com.apple.product-type.bundle.ui-testing";
		};
/* End PBXNativeTarget section */

/* Begin PBXProject section */
		106414FF2025DA0100406C36 /* Project object */ = {
			isa = PBXProject;
			attributes = {
				LastSwiftUpdateCheck = 0920;
				LastUpgradeCheck = 0920;
				ORGANIZATIONNAME = "ArabiaWeather Inc.";
				TargetAttributes = {
					106415062025DA0100406C36 = {
						CreatedOnToolsVersion = 9.2;
						ProvisioningStyle = Automatic;
					};
					1064151A2025DA0100406C36 = {
						CreatedOnToolsVersion = 9.2;
						ProvisioningStyle = Automatic;
						TestTargetID = 106415062025DA0100406C36;
					};
					106415252025DA0100406C36 = {
						CreatedOnToolsVersion = 9.2;
						ProvisioningStyle = Automatic;
						TestTargetID = 106415062025DA0100406C36;
					};
				};
			};
			buildConfigurationList = 106415022025DA0100406C36 /* Build configuration list for PBXProject "medical-diary-ios" */;
			compatibilityVersion = "Xcode 8.0";
			developmentRegion = en;
			hasScannedForEncodings = 0;
			knownRegions = (
				en,
				Base,
			);
			mainGroup = 106414FE2025DA0100406C36;
			productRefGroup = 106415082025DA0100406C36 /* Products */;
			projectDirPath = "";
			projectRoot = "";
			targets = (
				106415062025DA0100406C36 /* medical-diary-ios */,
				1064151A2025DA0100406C36 /* medical-diary-iosTests */,
				106415252025DA0100406C36 /* medical-diary-iosUITests */,
			);
		};
/* End PBXProject section */

/* Begin PBXResourcesBuildPhase section */
		106415052025DA0100406C36 /* Resources */ = {
			isa = PBXResourcesBuildPhase;
			buildActionMask = 2147483647;
			files = (
				106415152025DA0100406C36 /* LaunchScreen.storyboard in Resources */,
				10BA36412043502C00BC5BE6 /* Localizable.strings in Resources */,
				106415122025DA0100406C36 /* Assets.xcassets in Resources */,
				106415102025DA0100406C36 /* Main.storyboard in Resources */,
			);
			runOnlyForDeploymentPostprocessing = 0;
		};
		106415192025DA0100406C36 /* Resources */ = {
			isa = PBXResourcesBuildPhase;
			buildActionMask = 2147483647;
			files = (
			);
			runOnlyForDeploymentPostprocessing = 0;
		};
		106415242025DA0100406C36 /* Resources */ = {
			isa = PBXResourcesBuildPhase;
			buildActionMask = 2147483647;
			files = (
			);
			runOnlyForDeploymentPostprocessing = 0;
		};
/* End PBXResourcesBuildPhase section */

/* Begin PBXShellScriptBuildPhase section */
		4A2C8179C7AFF517BF0A1ACC /* [CP] Check Pods Manifest.lock */ = {
			isa = PBXShellScriptBuildPhase;
			buildActionMask = 2147483647;
			files = (
			);
			inputPaths = (
				"${PODS_PODFILE_DIR_PATH}/Podfile.lock",
				"${PODS_ROOT}/Manifest.lock",
			);
			name = "[CP] Check Pods Manifest.lock";
			outputPaths = (
				"$(DERIVED_FILE_DIR)/Pods-medical-diary-iosUITests-checkManifestLockResult.txt",
			);
			runOnlyForDeploymentPostprocessing = 0;
			shellPath = /bin/sh;
			shellScript = "diff \"${PODS_PODFILE_DIR_PATH}/Podfile.lock\" \"${PODS_ROOT}/Manifest.lock\" > /dev/null\nif [ $? != 0 ] ; then\n    # print error to STDERR\n    echo \"error: The sandbox is not in sync with the Podfile.lock. Run 'pod install' or update your CocoaPods installation.\" >&2\n    exit 1\nfi\n# This output is used by Xcode 'outputs' to avoid re-running this script phase.\necho \"SUCCESS\" > \"${SCRIPT_OUTPUT_FILE_0}\"\n";
			showEnvVarsInLog = 0;
		};
		579656D1940A46690FA7F58F /* [CP] Embed Pods Frameworks */ = {
			isa = PBXShellScriptBuildPhase;
			buildActionMask = 2147483647;
			files = (
			);
			inputPaths = (
			);
			name = "[CP] Embed Pods Frameworks";
			outputPaths = (
			);
			runOnlyForDeploymentPostprocessing = 0;
			shellPath = /bin/sh;
			shellScript = "\"${SRCROOT}/Pods/Target Support Files/Pods-medical-diary-iosUITests/Pods-medical-diary-iosUITests-frameworks.sh\"\n";
			showEnvVarsInLog = 0;
		};
		636A5BD0888502FDE063B15B /* [CP] Embed Pods Frameworks */ = {
			isa = PBXShellScriptBuildPhase;
			buildActionMask = 2147483647;
			files = (
			);
			inputPaths = (
			);
			name = "[CP] Embed Pods Frameworks";
			outputPaths = (
			);
			runOnlyForDeploymentPostprocessing = 0;
			shellPath = /bin/sh;
			shellScript = "\"${SRCROOT}/Pods/Target Support Files/Pods-medical-diary-iosTests/Pods-medical-diary-iosTests-frameworks.sh\"\n";
			showEnvVarsInLog = 0;
		};
		6EBB1403F3BAB91B5DAFD5D0 /* [CP] Copy Pods Resources */ = {
			isa = PBXShellScriptBuildPhase;
			buildActionMask = 2147483647;
			files = (
			);
			inputPaths = (
			);
			name = "[CP] Copy Pods Resources";
			outputPaths = (
			);
			runOnlyForDeploymentPostprocessing = 0;
			shellPath = /bin/sh;
			shellScript = "\"${SRCROOT}/Pods/Target Support Files/Pods-medical-diary-iosTests/Pods-medical-diary-iosTests-resources.sh\"\n";
			showEnvVarsInLog = 0;
		};
		9AC943171F203EABBF1E0551 /* [CP] Copy Pods Resources */ = {
			isa = PBXShellScriptBuildPhase;
			buildActionMask = 2147483647;
			files = (
			);
			inputPaths = (
			);
			name = "[CP] Copy Pods Resources";
			outputPaths = (
			);
			runOnlyForDeploymentPostprocessing = 0;
			shellPath = /bin/sh;
			shellScript = "\"${SRCROOT}/Pods/Target Support Files/Pods-medical-diary-ios/Pods-medical-diary-ios-resources.sh\"\n";
			showEnvVarsInLog = 0;
		};
		BEBCDDCF6822C0E80D4B11E0 /* [CP] Embed Pods Frameworks */ = {
			isa = PBXShellScriptBuildPhase;
			buildActionMask = 2147483647;
			files = (
			);
			inputPaths = (
				"${SRCROOT}/Pods/Target Support Files/Pods-medical-diary-ios/Pods-medical-diary-ios-frameworks.sh",
				"${BUILT_PRODUCTS_DIR}/Eureka/Eureka.framework",
				"${BUILT_PRODUCTS_DIR}/Realm/Realm.framework",
				"${BUILT_PRODUCTS_DIR}/RealmSwift/RealmSwift.framework",
				"${BUILT_PRODUCTS_DIR}/SwiftDate/SwiftDate.framework",
			);
			name = "[CP] Embed Pods Frameworks";
			outputPaths = (
				"${TARGET_BUILD_DIR}/${FRAMEWORKS_FOLDER_PATH}/Eureka.framework",
				"${TARGET_BUILD_DIR}/${FRAMEWORKS_FOLDER_PATH}/Realm.framework",
				"${TARGET_BUILD_DIR}/${FRAMEWORKS_FOLDER_PATH}/RealmSwift.framework",
				"${TARGET_BUILD_DIR}/${FRAMEWORKS_FOLDER_PATH}/SwiftDate.framework",
			);
			runOnlyForDeploymentPostprocessing = 0;
			shellPath = /bin/sh;
			shellScript = "\"${SRCROOT}/Pods/Target Support Files/Pods-medical-diary-ios/Pods-medical-diary-ios-frameworks.sh\"\n";
			showEnvVarsInLog = 0;
		};
		C888CECF9DD3F50890237D0F /* [CP] Copy Pods Resources */ = {
			isa = PBXShellScriptBuildPhase;
			buildActionMask = 2147483647;
			files = (
			);
			inputPaths = (
			);
			name = "[CP] Copy Pods Resources";
			outputPaths = (
			);
			runOnlyForDeploymentPostprocessing = 0;
			shellPath = /bin/sh;
			shellScript = "\"${SRCROOT}/Pods/Target Support Files/Pods-medical-diary-iosUITests/Pods-medical-diary-iosUITests-resources.sh\"\n";
			showEnvVarsInLog = 0;
		};
		E749F6B6502E07CFC6E12A23 /* [CP] Check Pods Manifest.lock */ = {
			isa = PBXShellScriptBuildPhase;
			buildActionMask = 2147483647;
			files = (
			);
			inputPaths = (
				"${PODS_PODFILE_DIR_PATH}/Podfile.lock",
				"${PODS_ROOT}/Manifest.lock",
			);
			name = "[CP] Check Pods Manifest.lock";
			outputPaths = (
				"$(DERIVED_FILE_DIR)/Pods-medical-diary-ios-checkManifestLockResult.txt",
			);
			runOnlyForDeploymentPostprocessing = 0;
			shellPath = /bin/sh;
			shellScript = "diff \"${PODS_PODFILE_DIR_PATH}/Podfile.lock\" \"${PODS_ROOT}/Manifest.lock\" > /dev/null\nif [ $? != 0 ] ; then\n    # print error to STDERR\n    echo \"error: The sandbox is not in sync with the Podfile.lock. Run 'pod install' or update your CocoaPods installation.\" >&2\n    exit 1\nfi\n# This output is used by Xcode 'outputs' to avoid re-running this script phase.\necho \"SUCCESS\" > \"${SCRIPT_OUTPUT_FILE_0}\"\n";
			showEnvVarsInLog = 0;
		};
		EEA6D22312E0C5C4874356B4 /* [CP] Check Pods Manifest.lock */ = {
			isa = PBXShellScriptBuildPhase;
			buildActionMask = 2147483647;
			files = (
			);
			inputPaths = (
				"${PODS_PODFILE_DIR_PATH}/Podfile.lock",
				"${PODS_ROOT}/Manifest.lock",
			);
			name = "[CP] Check Pods Manifest.lock";
			outputPaths = (
				"$(DERIVED_FILE_DIR)/Pods-medical-diary-iosTests-checkManifestLockResult.txt",
			);
			runOnlyForDeploymentPostprocessing = 0;
			shellPath = /bin/sh;
			shellScript = "diff \"${PODS_PODFILE_DIR_PATH}/Podfile.lock\" \"${PODS_ROOT}/Manifest.lock\" > /dev/null\nif [ $? != 0 ] ; then\n    # print error to STDERR\n    echo \"error: The sandbox is not in sync with the Podfile.lock. Run 'pod install' or update your CocoaPods installation.\" >&2\n    exit 1\nfi\n# This output is used by Xcode 'outputs' to avoid re-running this script phase.\necho \"SUCCESS\" > \"${SCRIPT_OUTPUT_FILE_0}\"\n";
			showEnvVarsInLog = 0;
		};
/* End PBXShellScriptBuildPhase section */

/* Begin PBXSourcesBuildPhase section */
		106415032025DA0100406C36 /* Sources */ = {
			isa = PBXSourcesBuildPhase;
			buildActionMask = 2147483647;
			files = (
				1064150D2025DA0100406C36 /* ViewController.swift in Sources */,
				10BA363E20434D1D00BC5BE6 /* Swift+Localization.swift in Sources */,
				1006E0922041E9EC00E75065 /* Patient.swift in Sources */,
				1064150B2025DA0100406C36 /* AppDelegate.swift in Sources */,
				103A5D7A202E0CC70075D96C /* MainProfileVC.swift in Sources */,
			);
			runOnlyForDeploymentPostprocessing = 0;
		};
		106415172025DA0100406C36 /* Sources */ = {
			isa = PBXSourcesBuildPhase;
			buildActionMask = 2147483647;
			files = (
				106415202025DA0100406C36 /* medical_diary_iosTests.swift in Sources */,
			);
			runOnlyForDeploymentPostprocessing = 0;
		};
		106415222025DA0100406C36 /* Sources */ = {
			isa = PBXSourcesBuildPhase;
			buildActionMask = 2147483647;
			files = (
				1064152B2025DA0100406C36 /* medical_diary_iosUITests.swift in Sources */,
			);
			runOnlyForDeploymentPostprocessing = 0;
		};
/* End PBXSourcesBuildPhase section */

/* Begin PBXTargetDependency section */
		1064151D2025DA0100406C36 /* PBXTargetDependency */ = {
			isa = PBXTargetDependency;
			target = 106415062025DA0100406C36 /* medical-diary-ios */;
			targetProxy = 1064151C2025DA0100406C36 /* PBXContainerItemProxy */;
		};
		106415282025DA0100406C36 /* PBXTargetDependency */ = {
			isa = PBXTargetDependency;
			target = 106415062025DA0100406C36 /* medical-diary-ios */;
			targetProxy = 106415272025DA0100406C36 /* PBXContainerItemProxy */;
		};
/* End PBXTargetDependency section */

/* Begin PBXVariantGroup section */
		1064150E2025DA0100406C36 /* Main.storyboard */ = {
			isa = PBXVariantGroup;
			children = (
				1064150F2025DA0100406C36 /* Base */,
			);
			name = Main.storyboard;
			sourceTree = "<group>";
		};
		106415132025DA0100406C36 /* LaunchScreen.storyboard */ = {
			isa = PBXVariantGroup;
			children = (
				106415142025DA0100406C36 /* Base */,
			);
			name = LaunchScreen.storyboard;
			sourceTree = "<group>";
		};
/* End PBXVariantGroup section */

/* Begin XCBuildConfiguration section */
		1064152D2025DA0100406C36 /* Debug */ = {
			isa = XCBuildConfiguration;
			buildSettings = {
				ALWAYS_SEARCH_USER_PATHS = NO;
				CLANG_ANALYZER_NONNULL = YES;
				CLANG_ANALYZER_NUMBER_OBJECT_CONVERSION = YES_AGGRESSIVE;
				CLANG_CXX_LANGUAGE_STANDARD = "gnu++14";
				CLANG_CXX_LIBRARY = "libc++";
				CLANG_ENABLE_MODULES = YES;
				CLANG_ENABLE_OBJC_ARC = YES;
				CLANG_WARN_BLOCK_CAPTURE_AUTORELEASING = YES;
				CLANG_WARN_BOOL_CONVERSION = YES;
				CLANG_WARN_COMMA = YES;
				CLANG_WARN_CONSTANT_CONVERSION = YES;
				CLANG_WARN_DIRECT_OBJC_ISA_USAGE = YES_ERROR;
				CLANG_WARN_DOCUMENTATION_COMMENTS = YES;
				CLANG_WARN_EMPTY_BODY = YES;
				CLANG_WARN_ENUM_CONVERSION = YES;
				CLANG_WARN_INFINITE_RECURSION = YES;
				CLANG_WARN_INT_CONVERSION = YES;
				CLANG_WARN_NON_LITERAL_NULL_CONVERSION = YES;
				CLANG_WARN_OBJC_LITERAL_CONVERSION = YES;
				CLANG_WARN_OBJC_ROOT_CLASS = YES_ERROR;
				CLANG_WARN_RANGE_LOOP_ANALYSIS = YES;
				CLANG_WARN_STRICT_PROTOTYPES = YES;
				CLANG_WARN_SUSPICIOUS_MOVE = YES;
				CLANG_WARN_UNGUARDED_AVAILABILITY = YES_AGGRESSIVE;
				CLANG_WARN_UNREACHABLE_CODE = YES;
				CLANG_WARN__DUPLICATE_METHOD_MATCH = YES;
				CODE_SIGN_IDENTITY = "iPhone Developer";
				COPY_PHASE_STRIP = NO;
				DEBUG_INFORMATION_FORMAT = dwarf;
				ENABLE_STRICT_OBJC_MSGSEND = YES;
				ENABLE_TESTABILITY = YES;
				GCC_C_LANGUAGE_STANDARD = gnu11;
				GCC_DYNAMIC_NO_PIC = NO;
				GCC_NO_COMMON_BLOCKS = YES;
				GCC_OPTIMIZATION_LEVEL = 0;
				GCC_PREPROCESSOR_DEFINITIONS = (
					"DEBUG=1",
					"$(inherited)",
				);
				GCC_WARN_64_TO_32_BIT_CONVERSION = YES;
				GCC_WARN_ABOUT_RETURN_TYPE = YES_ERROR;
				GCC_WARN_UNDECLARED_SELECTOR = YES;
				GCC_WARN_UNINITIALIZED_AUTOS = YES_AGGRESSIVE;
				GCC_WARN_UNUSED_FUNCTION = YES;
				GCC_WARN_UNUSED_VARIABLE = YES;
				IPHONEOS_DEPLOYMENT_TARGET = 11.2;
				MTL_ENABLE_DEBUG_INFO = YES;
				ONLY_ACTIVE_ARCH = YES;
				SDKROOT = iphoneos;
				SWIFT_ACTIVE_COMPILATION_CONDITIONS = DEBUG;
				SWIFT_OPTIMIZATION_LEVEL = "-Onone";
			};
			name = Debug;
		};
		1064152E2025DA0100406C36 /* Release */ = {
			isa = XCBuildConfiguration;
			buildSettings = {
				ALWAYS_SEARCH_USER_PATHS = NO;
				CLANG_ANALYZER_NONNULL = YES;
				CLANG_ANALYZER_NUMBER_OBJECT_CONVERSION = YES_AGGRESSIVE;
				CLANG_CXX_LANGUAGE_STANDARD = "gnu++14";
				CLANG_CXX_LIBRARY = "libc++";
				CLANG_ENABLE_MODULES = YES;
				CLANG_ENABLE_OBJC_ARC = YES;
				CLANG_WARN_BLOCK_CAPTURE_AUTORELEASING = YES;
				CLANG_WARN_BOOL_CONVERSION = YES;
				CLANG_WARN_COMMA = YES;
				CLANG_WARN_CONSTANT_CONVERSION = YES;
				CLANG_WARN_DIRECT_OBJC_ISA_USAGE = YES_ERROR;
				CLANG_WARN_DOCUMENTATION_COMMENTS = YES;
				CLANG_WARN_EMPTY_BODY = YES;
				CLANG_WARN_ENUM_CONVERSION = YES;
				CLANG_WARN_INFINITE_RECURSION = YES;
				CLANG_WARN_INT_CONVERSION = YES;
				CLANG_WARN_NON_LITERAL_NULL_CONVERSION = YES;
				CLANG_WARN_OBJC_LITERAL_CONVERSION = YES;
				CLANG_WARN_OBJC_ROOT_CLASS = YES_ERROR;
				CLANG_WARN_RANGE_LOOP_ANALYSIS = YES;
				CLANG_WARN_STRICT_PROTOTYPES = YES;
				CLANG_WARN_SUSPICIOUS_MOVE = YES;
				CLANG_WARN_UNGUARDED_AVAILABILITY = YES_AGGRESSIVE;
				CLANG_WARN_UNREACHABLE_CODE = YES;
				CLANG_WARN__DUPLICATE_METHOD_MATCH = YES;
				CODE_SIGN_IDENTITY = "iPhone Developer";
				COPY_PHASE_STRIP = NO;
				DEBUG_INFORMATION_FORMAT = "dwarf-with-dsym";
				ENABLE_NS_ASSERTIONS = NO;
				ENABLE_STRICT_OBJC_MSGSEND = YES;
				GCC_C_LANGUAGE_STANDARD = gnu11;
				GCC_NO_COMMON_BLOCKS = YES;
				GCC_WARN_64_TO_32_BIT_CONVERSION = YES;
				GCC_WARN_ABOUT_RETURN_TYPE = YES_ERROR;
				GCC_WARN_UNDECLARED_SELECTOR = YES;
				GCC_WARN_UNINITIALIZED_AUTOS = YES_AGGRESSIVE;
				GCC_WARN_UNUSED_FUNCTION = YES;
				GCC_WARN_UNUSED_VARIABLE = YES;
				IPHONEOS_DEPLOYMENT_TARGET = 11.2;
				MTL_ENABLE_DEBUG_INFO = NO;
				SDKROOT = iphoneos;
				SWIFT_OPTIMIZATION_LEVEL = "-Owholemodule";
				VALIDATE_PRODUCT = YES;
			};
			name = Release;
		};
		106415302025DA0100406C36 /* Debug */ = {
			isa = XCBuildConfiguration;
			baseConfigurationReference = 75FD86ABCA027258BF973D83 /* Pods-medical-diary-ios.debug.xcconfig */;
			buildSettings = {
				ASSETCATALOG_COMPILER_APPICON_NAME = AppIcon;
				CODE_SIGN_STYLE = Automatic;
				DEVELOPMENT_TEAM = MT3362WLTN;
				INFOPLIST_FILE = "medical-diary-ios/Info.plist";
				IPHONEOS_DEPLOYMENT_TARGET = 11.0;
				LD_RUNPATH_SEARCH_PATHS = "$(inherited) @executable_path/Frameworks";
				PRODUCT_BUNDLE_IDENTIFIER = "com.medicaldiary.app.medical-diary-ios";
				PRODUCT_NAME = "$(TARGET_NAME)";
				SWIFT_VERSION = 4.0;
				TARGETED_DEVICE_FAMILY = "1,2";
			};
			name = Debug;
		};
		106415312025DA0100406C36 /* Release */ = {
			isa = XCBuildConfiguration;
			baseConfigurationReference = C3B3D777679DDEB684AEA262 /* Pods-medical-diary-ios.release.xcconfig */;
			buildSettings = {
				ASSETCATALOG_COMPILER_APPICON_NAME = AppIcon;
				CODE_SIGN_STYLE = Automatic;
				DEVELOPMENT_TEAM = MT3362WLTN;
				INFOPLIST_FILE = "medical-diary-ios/Info.plist";
				IPHONEOS_DEPLOYMENT_TARGET = 11.0;
				LD_RUNPATH_SEARCH_PATHS = "$(inherited) @executable_path/Frameworks";
				PRODUCT_BUNDLE_IDENTIFIER = "com.medicaldiary.app.medical-diary-ios";
				PRODUCT_NAME = "$(TARGET_NAME)";
				SWIFT_VERSION = 4.0;
				TARGETED_DEVICE_FAMILY = "1,2";
			};
			name = Release;
		};
		106415332025DA0100406C36 /* Debug */ = {
			isa = XCBuildConfiguration;
			baseConfigurationReference = A512C4525117925C257C12F3 /* Pods-medical-diary-iosTests.debug.xcconfig */;
			buildSettings = {
				ALWAYS_EMBED_SWIFT_STANDARD_LIBRARIES = YES;
				BUNDLE_LOADER = "$(TEST_HOST)";
				CODE_SIGN_STYLE = Automatic;
				DEVELOPMENT_TEAM = MT3362WLTN;
				INFOPLIST_FILE = "medical-diary-iosTests/Info.plist";
				LD_RUNPATH_SEARCH_PATHS = "$(inherited) @executable_path/Frameworks @loader_path/Frameworks";
				PRODUCT_BUNDLE_IDENTIFIER = "com.medicaldiary.app.medical-diary-iosTests";
				PRODUCT_NAME = "$(TARGET_NAME)";
				SWIFT_VERSION = 4.0;
				TARGETED_DEVICE_FAMILY = "1,2";
				TEST_HOST = "$(BUILT_PRODUCTS_DIR)/medical-diary-ios.app/medical-diary-ios";
			};
			name = Debug;
		};
		106415342025DA0100406C36 /* Release */ = {
			isa = XCBuildConfiguration;
			baseConfigurationReference = C153F8C4653BA2680CF5FC38 /* Pods-medical-diary-iosTests.release.xcconfig */;
			buildSettings = {
				ALWAYS_EMBED_SWIFT_STANDARD_LIBRARIES = YES;
				BUNDLE_LOADER = "$(TEST_HOST)";
				CODE_SIGN_STYLE = Automatic;
				DEVELOPMENT_TEAM = MT3362WLTN;
				INFOPLIST_FILE = "medical-diary-iosTests/Info.plist";
				LD_RUNPATH_SEARCH_PATHS = "$(inherited) @executable_path/Frameworks @loader_path/Frameworks";
				PRODUCT_BUNDLE_IDENTIFIER = "com.medicaldiary.app.medical-diary-iosTests";
				PRODUCT_NAME = "$(TARGET_NAME)";
				SWIFT_VERSION = 4.0;
				TARGETED_DEVICE_FAMILY = "1,2";
				TEST_HOST = "$(BUILT_PRODUCTS_DIR)/medical-diary-ios.app/medical-diary-ios";
			};
			name = Release;
		};
		106415362025DA0100406C36 /* Debug */ = {
			isa = XCBuildConfiguration;
			baseConfigurationReference = 92665E75E445909C294B40C0 /* Pods-medical-diary-iosUITests.debug.xcconfig */;
			buildSettings = {
				ALWAYS_EMBED_SWIFT_STANDARD_LIBRARIES = YES;
				CODE_SIGN_STYLE = Automatic;
				DEVELOPMENT_TEAM = MT3362WLTN;
				INFOPLIST_FILE = "medical-diary-iosUITests/Info.plist";
				LD_RUNPATH_SEARCH_PATHS = "$(inherited) @executable_path/Frameworks @loader_path/Frameworks";
				PRODUCT_BUNDLE_IDENTIFIER = "com.medicaldiary.app.medical-diary-iosUITests";
				PRODUCT_NAME = "$(TARGET_NAME)";
				SWIFT_VERSION = 4.0;
				TARGETED_DEVICE_FAMILY = "1,2";
				TEST_TARGET_NAME = "medical-diary-ios";
			};
			name = Debug;
		};
		106415372025DA0100406C36 /* Release */ = {
			isa = XCBuildConfiguration;
			baseConfigurationReference = 7024D657D30E9C4573811CCF /* Pods-medical-diary-iosUITests.release.xcconfig */;
			buildSettings = {
				ALWAYS_EMBED_SWIFT_STANDARD_LIBRARIES = YES;
				CODE_SIGN_STYLE = Automatic;
				DEVELOPMENT_TEAM = MT3362WLTN;
				INFOPLIST_FILE = "medical-diary-iosUITests/Info.plist";
				LD_RUNPATH_SEARCH_PATHS = "$(inherited) @executable_path/Frameworks @loader_path/Frameworks";
				PRODUCT_BUNDLE_IDENTIFIER = "com.medicaldiary.app.medical-diary-iosUITests";
				PRODUCT_NAME = "$(TARGET_NAME)";
				SWIFT_VERSION = 4.0;
				TARGETED_DEVICE_FAMILY = "1,2";
				TEST_TARGET_NAME = "medical-diary-ios";
			};
			name = Release;
		};
/* End XCBuildConfiguration section */

/* Begin XCConfigurationList section */
		106415022025DA0100406C36 /* Build configuration list for PBXProject "medical-diary-ios" */ = {
			isa = XCConfigurationList;
			buildConfigurations = (
				1064152D2025DA0100406C36 /* Debug */,
				1064152E2025DA0100406C36 /* Release */,
			);
			defaultConfigurationIsVisible = 0;
			defaultConfigurationName = Release;
		};
		1064152F2025DA0100406C36 /* Build configuration list for PBXNativeTarget "medical-diary-ios" */ = {
			isa = XCConfigurationList;
			buildConfigurations = (
				106415302025DA0100406C36 /* Debug */,
				106415312025DA0100406C36 /* Release */,
			);
			defaultConfigurationIsVisible = 0;
			defaultConfigurationName = Release;
		};
		106415322025DA0100406C36 /* Build configuration list for PBXNativeTarget "medical-diary-iosTests" */ = {
			isa = XCConfigurationList;
			buildConfigurations = (
				106415332025DA0100406C36 /* Debug */,
				106415342025DA0100406C36 /* Release */,
			);
			defaultConfigurationIsVisible = 0;
			defaultConfigurationName = Release;
		};
		106415352025DA0100406C36 /* Build configuration list for PBXNativeTarget "medical-diary-iosUITests" */ = {
			isa = XCConfigurationList;
			buildConfigurations = (
				106415362025DA0100406C36 /* Debug */,
				106415372025DA0100406C36 /* Release */,
			);
			defaultConfigurationIsVisible = 0;
			defaultConfigurationName = Release;
		};
/* End XCConfigurationList section */
	};
	rootObject = 106414FF2025DA0100406C36 /* Project object */;
}
