PODS:
  - Realm (3.1.0):
    - Realm/Headers (= 3.1.0)
  - Realm/Headers (3.1.0)
  - RealmSwift (3.1.0):
    - Realm (= 3.1.0)
  - XLForm (4.0.0)

DEPENDENCIES:
  - RealmSwift (~> 3.1)
  - XLForm (~> 4.0)

SPEC CHECKSUMS:
  Realm: 09513d7c054678d65cd02ce09871f805b0d758ac
  RealmSwift: e868fee9b10e5490ad94b6b6ecd9027944da1824
  XLForm: 04110197c12187dd28a6c7295d3d8b95f4fdb4de

PODFILE CHECKSUM: 79baef54ba8704512014838ff8d1c5814f72cd06

COCOAPODS: 1.4.0
