PODS:
  - Eureka (4.1.1)
  - Realm (3.3.2):
    - Realm/Headers (= 3.3.2)
  - Realm/Headers (3.3.2)
  - RealmSwift (3.3.2):
    - Realm (= 3.3.2)
  - SwiftDate (4.5.1)

DEPENDENCIES:
  - Eureka (~> 4.1.1)
  - RealmSwift (~> 3.3.2)
  - SwiftDate (~> 4.5.1)

SPEC REPOS:
  https://github.com/CocoaPods/Specs.git:
    - Eureka
    - Realm
    - RealmSwift
    - SwiftDate

SPEC CHECKSUMS:
  Eureka: b88fb930e42c79f8c03c373d0fcdc28c1d6c50ed
  Realm: d927fbf66df5532cfafc08afb5f7e53ded37b894
  RealmSwift: 4e903a494e05d866581d69ad6f7e7b879d446baf
  SwiftDate: 7b56d42a221f582047287deb256b23fc5ed49a60

PODFILE CHECKSUM: c19db76313266716b36028bfa144f965103c5e8c

COCOAPODS: 1.5.0
